// !$*UTF8*$!
{
	archiveVersion = 1;
	classes = {
	};
	objectVersion = 56;
	objects = {

/* Begin PBXBuildFile section */
		DB8667D629A349CC00D22114 /* AppDelegate.swift in Sources */ = {isa = PBXBuildFile; fileRef = DB8667D529A349CC00D22114 /* AppDelegate.swift */; };
		DB8667DA29A349CC00D22114 /* ViewController.swift in Sources */ = {isa = PBXBuildFile; fileRef = DB8667D929A349CC00D22114 /* ViewController.swift */; };
		DB8667DF29A349CD00D22114 /* Assets.xcassets in Resources */ = {isa = PBXBuildFile; fileRef = DB8667DE29A349CD00D22114 /* Assets.xcassets */; };
		DB8667E229A349CD00D22114 /* LaunchScreen.storyboard in Resources */ = {isa = PBXBuildFile; fileRef = DB8667E029A349CD00D22114 /* LaunchScreen.storyboard */; };
		DB8667FF29A34A3600D22114 /* BSSpeechRecognizer.framework in Frameworks */ = {isa = PBXBuildFile; fileRef = DB8667F829A34A1000D22114 /* BSSpeechRecognizer.framework */; };
		DB86680029A34A3600D22114 /* BSSpeechRecognizer.framework in Embed Frameworks */ = {isa = PBXBuildFile; fileRef = DB8667F829A34A1000D22114 /* BSSpeechRecognizer.framework */; settings = {ATTRIBUTES = (CodeSignOnCopy, RemoveHeadersOnCopy, ); }; };
		DB86680429A34A8500D22114 /* Main.storyboard in Resources */ = {isa = PBXBuildFile; fileRef = DB86680229A34A8500D22114 /* Main.storyboard */; };
/* End PBXBuildFile section */

/* Begin PBXContainerItemProxy section */
		DB8667F729A34A1000D22114 /* PBXContainerItemProxy */ = {
			isa = PBXContainerItemProxy;
			containerPortal = DB8667F229A34A1000D22114 /* BSSpeechRecognizer.xcodeproj */;
			proxyType = 2;
			remoteGlobalIDString = DB86679D29A3491700D22114;
			remoteInfo = BSSpeechRecognizer;
		};
		DB8667F929A34A1000D22114 /* PBXContainerItemProxy */ = {
			isa = PBXContainerItemProxy;
			containerPortal = DB8667F229A34A1000D22114 /* BSSpeechRecognizer.xcodeproj */;
			proxyType = 2;
			remoteGlobalIDString = DB8667A529A3491700D22114;
			remoteInfo = BSSpeechRecognizerTests;
		};
/* End PBXContainerItemProxy section */

/* Begin PBXCopyFilesBuildPhase section */
		DB86680129A34A3700D22114 /* Embed Frameworks */ = {
			isa = PBXCopyFilesBuildPhase;
			buildActionMask = 2147483647;
			dstPath = "";
			dstSubfolderSpec = 10;
			files = (
				DB86680029A34A3600D22114 /* BSSpeechRecognizer.framework in Embed Frameworks */,
			);
			name = "Embed Frameworks";
			runOnlyForDeploymentPostprocessing = 0;
		};
/* End PBXCopyFilesBuildPhase section */

/* Begin PBXFileReference section */
		DB8667D229A349CC00D22114 /* BSSpeechRecognizerExample.app */ = {isa = PBXFileReference; explicitFileType = wrapper.application; includeInIndex = 0; path = BSSpeechRecognizerExample.app; sourceTree = BUILT_PRODUCTS_DIR; };
		DB8667D529A349CC00D22114 /* AppDelegate.swift */ = {isa = PBXFileReference; lastKnownFileType = sourcecode.swift; path = AppDelegate.swift; sourceTree = "<group>"; };
		DB8667D929A349CC00D22114 /* ViewController.swift */ = {isa = PBXFileReference; lastKnownFileType = sourcecode.swift; path = ViewController.swift; sourceTree = "<group>"; };
		DB8667DE29A349CD00D22114 /* Assets.xcassets */ = {isa = PBXFileReference; lastKnownFileType = folder.assetcatalog; path = Assets.xcassets; sourceTree = "<group>"; };
		DB8667E129A349CD00D22114 /* Base */ = {isa = PBXFileReference; lastKnownFileType = file.storyboard; name = Base; path = Base.lproj/LaunchScreen.storyboard; sourceTree = "<group>"; };
		DB8667E329A349CD00D22114 /* Info.plist */ = {isa = PBXFileReference; lastKnownFileType = text.plist.xml; path = Info.plist; sourceTree = "<group>"; };
		DB8667F229A34A1000D22114 /* BSSpeechRecognizer.xcodeproj */ = {isa = PBXFileReference; lastKnownFileType = "wrapper.pb-project"; name = BSSpeechRecognizer.xcodeproj; path = ../BSSpeechRecognizer.xcodeproj; sourceTree = "<group>"; };
		DB86680329A34A8500D22114 /* Base */ = {isa = PBXFileReference; lastKnownFileType = file.storyboard; name = Base; path = Base.lproj/Main.storyboard; sourceTree = "<group>"; };
/* End PBXFileReference section */

/* Begin PBXFrameworksBuildPhase section */
		DB8667CF29A349CC00D22114 /* Frameworks */ = {
			isa = PBXFrameworksBuildPhase;
			buildActionMask = 2147483647;
			files = (
				DB8667FF29A34A3600D22114 /* BSSpeechRecognizer.framework in Frameworks */,
			);
			runOnlyForDeploymentPostprocessing = 0;
		};
/* End PBXFrameworksBuildPhase section */

/* Begin PBXGroup section */
		DB8667C929A349CC00D22114 = {
			isa = PBXGroup;
			children = (
				DB8667F229A34A1000D22114 /* BSSpeechRecognizer.xcodeproj */,
				DB8667D429A349CC00D22114 /* BSSpeechRecognizerExample */,
				DB8667D329A349CC00D22114 /* Products */,
				DB8667FC29A34A3600D22114 /* Frameworks */,
			);
			sourceTree = "<group>";
		};
		DB8667D329A349CC00D22114 /* Products */ = {
			isa = PBXGroup;
			children = (
				DB8667D229A349CC00D22114 /* BSSpeechRecognizerExample.app */,
			);
			name = Products;
			sourceTree = "<group>";
		};
		DB8667D429A349CC00D22114 /* BSSpeechRecognizerExample */ = {
			isa = PBXGroup;
			children = (
				DB8667D529A349CC00D22114 /* AppDelegate.swift */,
				DB8667D929A349CC00D22114 /* ViewController.swift */,
				DB86680229A34A8500D22114 /* Main.storyboard */,
				DB8667DE29A349CD00D22114 /* Assets.xcassets */,
				DB8667E029A349CD00D22114 /* LaunchScreen.storyboard */,
				DB8667E329A349CD00D22114 /* Info.plist */,
			);
			path = BSSpeechRecognizerExample;
			sourceTree = "<group>";
		};
		DB8667F329A34A1000D22114 /* Products */ = {
			isa = PBXGroup;
			children = (
				DB8667F829A34A1000D22114 /* BSSpeechRecognizer.framework */,
				DB8667FA29A34A1000D22114 /* BSSpeechRecognizerTests.xctest */,
			);
			name = Products;
			sourceTree = "<group>";
		};
		DB8667FC29A34A3600D22114 /* Frameworks */ = {
			isa = PBXGroup;
			children = (
			);
			name = Frameworks;
			sourceTree = "<group>";
		};
/* End PBXGroup section */

/* Begin PBXNativeTarget section */
		DB8667D129A349CC00D22114 /* BSSpeechRecognizerExample */ = {
			isa = PBXNativeTarget;
			buildConfigurationList = DB8667E629A349CD00D22114 /* Build configuration list for PBXNativeTarget "BSSpeechRecognizerExample" */;
			buildPhases = (
				DB8667CE29A349CC00D22114 /* Sources */,
				DB8667CF29A349CC00D22114 /* Frameworks */,
				DB8667D029A349CC00D22114 /* Resources */,
				DB86680129A34A3700D22114 /* Embed Frameworks */,
			);
			buildRules = (
			);
			dependencies = (
			);
			name = BSSpeechRecognizerExample;
			productName = BSSpeechRecognizerExample;
			productReference = DB8667D229A349CC00D22114 /* BSSpeechRecognizerExample.app */;
			productType = "com.apple.product-type.application";
		};
/* End PBXNativeTarget section */

/* Begin PBXProject section */
		DB8667CA29A349CC00D22114 /* Project object */ = {
			isa = PBXProject;
			attributes = {
				BuildIndependentTargetsInParallel = 1;
				LastSwiftUpdateCheck = 1420;
				LastUpgradeCheck = 1420;
				TargetAttributes = {
					DB8667D129A349CC00D22114 = {
						CreatedOnToolsVersion = 14.2;
					};
				};
			};
			buildConfigurationList = DB8667CD29A349CC00D22114 /* Build configuration list for PBXProject "BSSpeechRecognizerExample" */;
			compatibilityVersion = "Xcode 14.0";
			developmentRegion = en;
			hasScannedForEncodings = 0;
			knownRegions = (
				en,
				Base,
			);
			mainGroup = DB8667C929A349CC00D22114;
			productRefGroup = DB8667D329A349CC00D22114 /* Products */;
			projectDirPath = "";
			projectReferences = (
				{
					ProductGroup = DB8667F329A34A1000D22114 /* Products */;
					ProjectRef = DB8667F229A34A1000D22114 /* BSSpeechRecognizer.xcodeproj */;
				},
			);
			projectRoot = "";
			targets = (
				DB8667D129A349CC00D22114 /* BSSpeechRecognizerExample */,
			);
		};
/* End PBXProject section */

/* Begin PBXReferenceProxy section */
		DB8667F829A34A1000D22114 /* BSSpeechRecognizer.framework */ = {
			isa = PBXReferenceProxy;
			fileType = wrapper.framework;
			path = BSSpeechRecognizer.framework;
			remoteRef = DB8667F729A34A1000D22114 /* PBXContainerItemProxy */;
			sourceTree = BUILT_PRODUCTS_DIR;
		};
		DB8667FA29A34A1000D22114 /* BSSpeechRecognizerTests.xctest */ = {
			isa = PBXReferenceProxy;
			fileType = wrapper.cfbundle;
			path = BSSpeechRecognizerTests.xctest;
			remoteRef = DB8667F929A34A1000D22114 /* PBXContainerItemProxy */;
			sourceTree = BUILT_PRODUCTS_DIR;
		};
/* End PBXReferenceProxy section */

/* Begin PBXResourcesBuildPhase section */
		DB8667D029A349CC00D22114 /* Resources */ = {
			isa = PBXResourcesBuildPhase;
			buildActionMask = 2147483647;
			files = (
				DB86680429A34A8500D22114 /* Main.storyboard in Resources */,
				DB8667E229A349CD00D22114 /* LaunchScreen.storyboard in Resources */,
				DB8667DF29A349CD00D22114 /* Assets.xcassets in Resources */,
			);
			runOnlyForDeploymentPostprocessing = 0;
		};
/* End PBXResourcesBuildPhase section */

/* Begin PBXSourcesBuildPhase section */
		DB8667CE29A349CC00D22114 /* Sources */ = {
			isa = PBXSourcesBuildPhase;
			buildActionMask = 2147483647;
			files = (
				DB8667DA29A349CC00D22114 /* ViewController.swift in Sources */,
				DB8667D629A349CC00D22114 /* AppDelegate.swift in Sources */,
			);
			runOnlyForDeploymentPostprocessing = 0;
		};
/* End PBXSourcesBuildPhase section */

/* Begin PBXVariantGroup section */
		DB8667E029A349CD00D22114 /* LaunchScreen.storyboard */ = {
			isa = PBXVariantGroup;
			children = (
				DB8667E129A349CD00D22114 /* Base */,
			);
			name = LaunchScreen.storyboard;
			sourceTree = "<group>";
		};
		DB86680229A34A8500D22114 /* Main.storyboard */ = {
			isa = PBXVariantGroup;
			children = (
				DB86680329A34A8500D22114 /* Base */,
			);
			name = Main.storyboard;
			sourceTree = "<group>";
		};
/* End PBXVariantGroup section */

/* Begin XCBuildConfiguration section */
		DB8667E429A349CD00D22114 /* Debug */ = {
			isa = XCBuildConfiguration;
			buildSettings = {
				ALWAYS_SEARCH_USER_PATHS = NO;
				CLANG_ANALYZER_NONNULL = YES;
				CLANG_ANALYZER_NUMBER_OBJECT_CONVERSION = YES_AGGRESSIVE;
				CLANG_CXX_LANGUAGE_STANDARD = "gnu++20";
				CLANG_ENABLE_MODULES = YES;
				CLANG_ENABLE_OBJC_ARC = YES;
				CLANG_ENABLE_OBJC_WEAK = YES;
				CLANG_WARN_BLOCK_CAPTURE_AUTORELEASING = YES;
				CLANG_WARN_BOOL_CONVERSION = YES;
				CLANG_WARN_COMMA = YES;
				CLANG_WARN_CONSTANT_CONVERSION = YES;
				CLANG_WARN_DEPRECATED_OBJC_IMPLEMENTATIONS = YES;
				CLANG_WARN_DIRECT_OBJC_ISA_USAGE = YES_ERROR;
				CLANG_WARN_DOCUMENTATION_COMMENTS = YES;
				CLANG_WARN_EMPTY_BODY = YES;
				CLANG_WARN_ENUM_CONVERSION = YES;
				CLANG_WARN_INFINITE_RECURSION = YES;
				CLANG_WARN_INT_CONVERSION = YES;
				CLANG_WARN_NON_LITERAL_NULL_CONVERSION = YES;
				CLANG_WARN_OBJC_IMPLICIT_RETAIN_SELF = YES;
				CLANG_WARN_OBJC_LITERAL_CONVERSION = YES;
				CLANG_WARN_OBJC_ROOT_CLASS = YES_ERROR;
				CLANG_WARN_QUOTED_INCLUDE_IN_FRAMEWORK_HEADER = YES;
				CLANG_WARN_RANGE_LOOP_ANALYSIS = YES;
				CLANG_WARN_STRICT_PROTOTYPES = YES;
				CLANG_WARN_SUSPICIOUS_MOVE = YES;
				CLANG_WARN_UNGUARDED_AVAILABILITY = YES_AGGRESSIVE;
				CLANG_WARN_UNREACHABLE_CODE = YES;
				CLANG_WARN__DUPLICATE_METHOD_MATCH = YES;
				COPY_PHASE_STRIP = NO;
				DEBUG_INFORMATION_FORMAT = dwarf;
				ENABLE_STRICT_OBJC_MSGSEND = YES;
				ENABLE_TESTABILITY = YES;
				GCC_C_LANGUAGE_STANDARD = gnu11;
				GCC_DYNAMIC_NO_PIC = NO;
				GCC_NO_COMMON_BLOCKS = YES;
				GCC_OPTIMIZATION_LEVEL = 0;
				GCC_PREPROCESSOR_DEFINITIONS = (
					"DEBUG=1",
					"$(inherited)",
				);
				GCC_WARN_64_TO_32_BIT_CONVERSION = YES;
				GCC_WARN_ABOUT_RETURN_TYPE = YES_ERROR;
				GCC_WARN_UNDECLARED_SELECTOR = YES;
				GCC_WARN_UNINITIALIZED_AUTOS = YES_AGGRESSIVE;
				GCC_WARN_UNUSED_FUNCTION = YES;
				GCC_WARN_UNUSED_VARIABLE = YES;
				IPHONEOS_DEPLOYMENT_TARGET = 16.2;
				MTL_ENABLE_DEBUG_INFO = INCLUDE_SOURCE;
				MTL_FAST_MATH = YES;
				ONLY_ACTIVE_ARCH = YES;
				SDKROOT = iphoneos;
				SWIFT_ACTIVE_COMPILATION_CONDITIONS = DEBUG;
				SWIFT_OPTIMIZATION_LEVEL = "-Onone";
			};
			name = Debug;
		};
		DB8667E529A349CD00D22114 /* Release */ = {
			isa = XCBuildConfiguration;
			buildSettings = {
				ALWAYS_SEARCH_USER_PATHS = NO;
				CLANG_ANALYZER_NONNULL = YES;
				CLANG_ANALYZER_NUMBER_OBJECT_CONVERSION = YES_AGGRESSIVE;
				CLANG_CXX_LANGUAGE_STANDARD = "gnu++20";
				CLANG_ENABLE_MODULES = YES;
				CLANG_ENABLE_OBJC_ARC = YES;
				CLANG_ENABLE_OBJC_WEAK = YES;
				CLANG_WARN_BLOCK_CAPTURE_AUTORELEASING = YES;
				CLANG_WARN_BOOL_CONVERSION = YES;
				CLANG_WARN_COMMA = YES;
				CLANG_WARN_CONSTANT_CONVERSION = YES;
				CLANG_WARN_DEPRECATED_OBJC_IMPLEMENTATIONS = YES;
				CLANG_WARN_DIRECT_OBJC_ISA_USAGE = YES_ERROR;
				CLANG_WARN_DOCUMENTATION_COMMENTS = YES;
				CLANG_WARN_EMPTY_BODY = YES;
				CLANG_WARN_ENUM_CONVERSION = YES;
				CLANG_WARN_INFINITE_RECURSION = YES;
				CLANG_WARN_INT_CONVERSION = YES;
				CLANG_WARN_NON_LITERAL_NULL_CONVERSION = YES;
				CLANG_WARN_OBJC_IMPLICIT_RETAIN_SELF = YES;
				CLANG_WARN_OBJC_LITERAL_CONVERSION = YES;
				CLANG_WARN_OBJC_ROOT_CLASS = YES_ERROR;
				CLANG_WARN_QUOTED_INCLUDE_IN_FRAMEWORK_HEADER = YES;
				CLANG_WARN_RANGE_LOOP_ANALYSIS = YES;
				CLANG_WARN_STRICT_PROTOTYPES = YES;
				CLANG_WARN_SUSPICIOUS_MOVE = YES;
				CLANG_WARN_UNGUARDED_AVAILABILITY = YES_AGGRESSIVE;
				CLANG_WARN_UNREACHABLE_CODE = YES;
				CLANG_WARN__DUPLICATE_METHOD_MATCH = YES;
				COPY_PHASE_STRIP = NO;
				DEBUG_INFORMATION_FORMAT = "dwarf-with-dsym";
				ENABLE_NS_ASSERTIONS = NO;
				ENABLE_STRICT_OBJC_MSGSEND = YES;
				GCC_C_LANGUAGE_STANDARD = gnu11;
				GCC_NO_COMMON_BLOCKS = YES;
				GCC_WARN_64_TO_32_BIT_CONVERSION = YES;
				GCC_WARN_ABOUT_RETURN_TYPE = YES_ERROR;
				GCC_WARN_UNDECLARED_SELECTOR = YES;
				GCC_WARN_UNINITIALIZED_AUTOS = YES_AGGRESSIVE;
				GCC_WARN_UNUSED_FUNCTION = YES;
				GCC_WARN_UNUSED_VARIABLE = YES;
				IPHONEOS_DEPLOYMENT_TARGET = 16.2;
				MTL_ENABLE_DEBUG_INFO = NO;
				MTL_FAST_MATH = YES;
				SDKROOT = iphoneos;
				SWIFT_COMPILATION_MODE = wholemodule;
				SWIFT_OPTIMIZATION_LEVEL = "-O";
				VALIDATE_PRODUCT = YES;
			};
			name = Release;
		};
		DB8667E729A349CD00D22114 /* Debug */ = {
			isa = XCBuildConfiguration;
			buildSettings = {
				ASSETCATALOG_COMPILER_APPICON_NAME = AppIcon;
				ASSETCATALOG_COMPILER_GLOBAL_ACCENT_COLOR_NAME = AccentColor;
				CODE_SIGN_STYLE = Automatic;
				CURRENT_PROJECT_VERSION = 1;
				DEVELOPMENT_TEAM = 79399T3H3C;
				GENERATE_INFOPLIST_FILE = YES;
				INFOPLIST_FILE = BSSpeechRecognizerExample/Info.plist;
				INFOPLIST_KEY_UIApplicationSupportsIndirectInputEvents = YES;
				INFOPLIST_KEY_UILaunchStoryboardName = LaunchScreen;
				INFOPLIST_KEY_UIMainStoryboardFile = Main;
				INFOPLIST_KEY_UISupportedInterfaceOrientations_iPad = "UIInterfaceOrientationPortrait UIInterfaceOrientationPortraitUpsideDown UIInterfaceOrientationLandscapeLeft UIInterfaceOrientationLandscapeRight";
				INFOPLIST_KEY_UISupportedInterfaceOrientations_iPhone = "UIInterfaceOrientationPortrait UIInterfaceOrientationLandscapeLeft UIInterfaceOrientationLandscapeRight";
				LD_RUNPATH_SEARCH_PATHS = (
					"$(inherited)",
					"@executable_path/Frameworks",
				);
				MARKETING_VERSION = 1.0;
				PRODUCT_BUNDLE_IDENTIFIER = com.ycstudio.BSSpeechRecognizerExample;
				PRODUCT_NAME = "$(TARGET_NAME)";
				SWIFT_EMIT_LOC_STRINGS = YES;
				SWIFT_VERSION = 5.0;
				TARGETED_DEVICE_FAMILY = "1,2";
			};
			name = Debug;
		};
		DB8667E829A349CD00D22114 /* Release */ = {
			isa = XCBuildConfiguration;
			buildSettings = {
				ASSETCATALOG_COMPILER_APPICON_NAME = AppIcon;
				ASSETCATALOG_COMPILER_GLOBAL_ACCENT_COLOR_NAME = AccentColor;
				CODE_SIGN_STYLE = Automatic;
				CURRENT_PROJECT_VERSION = 1;
				DEVELOPMENT_TEAM = 79399T3H3C;
				GENERATE_INFOPLIST_FILE = YES;
				INFOPLIST_FILE = BSSpeechRecognizerExample/Info.plist;
				INFOPLIST_KEY_UIApplicationSupportsIndirectInputEvents = YES;
				INFOPLIST_KEY_UILaunchStoryboardName = LaunchScreen;
				INFOPLIST_KEY_UIMainStoryboardFile = Main;
				INFOPLIST_KEY_UISupportedInterfaceOrientations_iPad = "UIInterfaceOrientationPortrait UIInterfaceOrientationPortraitUpsideDown UIInterfaceOrientationLandscapeLeft UIInterfaceOrientationLandscapeRight";
				INFOPLIST_KEY_UISupportedInterfaceOrientations_iPhone = "UIInterfaceOrientationPortrait UIInterfaceOrientationLandscapeLeft UIInterfaceOrientationLandscapeRight";
				LD_RUNPATH_SEARCH_PATHS = (
					"$(inherited)",
					"@executable_path/Frameworks",
				);
				MARKETING_VERSION = 1.0;
				PRODUCT_BUNDLE_IDENTIFIER = com.ycstudio.BSSpeechRecognizerExample;
				PRODUCT_NAME = "$(TARGET_NAME)";
				SWIFT_EMIT_LOC_STRINGS = YES;
				SWIFT_VERSION = 5.0;
				TARGETED_DEVICE_FAMILY = "1,2";
			};
			name = Release;
		};
/* End XCBuildConfiguration section */

/* Begin XCConfigurationList section */
		DB8667CD29A349CC00D22114 /* Build configuration list for PBXProject "BSSpeechRecognizerExample" */ = {
			isa = XCConfigurationList;
			buildConfigurations = (
				DB8667E429A349CD00D22114 /* Debug */,
				DB8667E529A349CD00D22114 /* Release */,
			);
			defaultConfigurationIsVisible = 0;
			defaultConfigurationName = Release;
		};
		DB8667E629A349CD00D22114 /* Build configuration list for PBXNativeTarget "BSSpeechRecognizerExample" */ = {
			isa = XCConfigurationList;
			buildConfigurations = (
				DB8667E729A349CD00D22114 /* Debug */,
				DB8667E829A349CD00D22114 /* Release */,
			);
			defaultConfigurationIsVisible = 0;
			defaultConfigurationName = Release;
		};
/* End XCConfigurationList section */
	};
	rootObject = DB8667CA29A349CC00D22114 /* Project object */;
}
